
Microsoft Visual Studio Solution File, Format Version 12.00
# Visual Studio 2015
Project("{FAE04EC0-301F-11D3-BF4B-00C04F79EFBC}") = "c13496628.CSharp", "c13496628.CSharp.csproj", "{5D159E18-B22E-4455-1658-B6711405245D}"
EndProject
Global
	GlobalSection(SolutionConfigurationPlatforms) = preSolution
		Debug|Any CPU = Debug|Any CPU
		Release|Any CPU = Release|Any CPU
	EndGlobalSection
	GlobalSection(ProjectConfigurationPlatforms) = postSolution
		{5D159E18-B22E-4455-1658-B6711405245D}.Debug|Any CPU.ActiveCfg = Debug|Any CPU
		{5D159E18-B22E-4455-1658-B6711405245D}.Debug|Any CPU.Build.0 = Debug|Any CPU
		{5D159E18-B22E-4455-1658-B6711405245D}.Release|Any CPU.ActiveCfg = Release|Any CPU
		{5D159E18-B22E-4455-1658-B6711405245D}.Release|Any CPU.Build.0 = Release|Any CPU
	EndGlobalSection
	GlobalSection(SolutionProperties) = preSolution
		HideSolutionNode = FALSE
	EndGlobalSection
EndGlobal
